
Microsoft Visual Studio Solution File, Format Version 11.00
# Visual Studio 2010
Project("{FAE04EC0-301F-11D3-BF4B-00C04F79EFBC}") = "Run to the Future", "Assembly-CSharp.csproj", "{2A551F18-049D-60EC-657B-5088112860F9}"
EndProject
Project("{FAE04EC0-301F-11D3-BF4B-00C04F79EFBC}") = "Run to the Future", "Assembly-CSharp-firstpass.csproj", "{CF67ED35-F130-482F-D48A-2782E49D97C4}"
EndProject
Project("{FAE04EC0-301F-11D3-BF4B-00C04F79EFBC}") = "Run to the Future", "Assembly-CSharp-Editor-firstpass.csproj", "{AEB11C5E-427C-4DF9-0B22-51DFBB50EBD7}"
EndProject
Project("{FAE04EC0-301F-11D3-BF4B-00C04F79EFBC}") = "Run to the Future", "Assembly-CSharp-Editor.csproj", "{8D4275EF-577F-85F9-19A0-58C52279CB46}"
EndProject
Global
	GlobalSection(SolutionConfigurationPlatforms) = preSolution
		Debug|Any CPU = Debug|Any CPU
		Release|Any CPU = Release|Any CPU
	EndGlobalSection
	GlobalSection(ProjectConfigurationPlatforms) = postSolution
		{2A551F18-049D-60EC-657B-5088112860F9}.Debug|Any CPU.ActiveCfg = Debug|Any CPU
		{2A551F18-049D-60EC-657B-5088112860F9}.Debug|Any CPU.Build.0 = Debug|Any CPU
		{2A551F18-049D-60EC-657B-5088112860F9}.Release|Any CPU.ActiveCfg = Release|Any CPU
		{2A551F18-049D-60EC-657B-5088112860F9}.Release|Any CPU.Build.0 = Release|Any CPU
		{CF67ED35-F130-482F-D48A-2782E49D97C4}.Debug|Any CPU.ActiveCfg = Debug|Any CPU
		{CF67ED35-F130-482F-D48A-2782E49D97C4}.Debug|Any CPU.Build.0 = Debug|Any CPU
		{CF67ED35-F130-482F-D48A-2782E49D97C4}.Release|Any CPU.ActiveCfg = Release|Any CPU
		{CF67ED35-F130-482F-D48A-2782E49D97C4}.Release|Any CPU.Build.0 = Release|Any CPU
		{AEB11C5E-427C-4DF9-0B22-51DFBB50EBD7}.Debug|Any CPU.ActiveCfg = Debug|Any CPU
		{AEB11C5E-427C-4DF9-0B22-51DFBB50EBD7}.Debug|Any CPU.Build.0 = Debug|Any CPU
		{AEB11C5E-427C-4DF9-0B22-51DFBB50EBD7}.Release|Any CPU.ActiveCfg = Release|Any CPU
		{AEB11C5E-427C-4DF9-0B22-51DFBB50EBD7}.Release|Any CPU.Build.0 = Release|Any CPU
		{8D4275EF-577F-85F9-19A0-58C52279CB46}.Debug|Any CPU.ActiveCfg = Debug|Any CPU
		{8D4275EF-577F-85F9-19A0-58C52279CB46}.Debug|Any CPU.Build.0 = Debug|Any CPU
		{8D4275EF-577F-85F9-19A0-58C52279CB46}.Release|Any CPU.ActiveCfg = Release|Any CPU
		{8D4275EF-577F-85F9-19A0-58C52279CB46}.Release|Any CPU.Build.0 = Release|Any CPU
	EndGlobalSection
	GlobalSection(SolutionProperties) = preSolution
		HideSolutionNode = FALSE
	EndGlobalSection
	GlobalSection(MonoDevelopProperties) = preSolution
		StartupItem = Assembly-CSharp.csproj
	EndGlobalSection
EndGlobal
