
Microsoft Visual Studio Solution File, Format Version 12.00
# Visual Studio 2017
Project("{FAE04EC0-301F-11D3-BF4B-00C04F79EFBC}") = "Run to the Future", "Run to the Future.csproj", "{7E273353-FC0E-C00D-C65C-51E27E9D7341}"
EndProject
Project("{FAE04EC0-301F-11D3-BF4B-00C04F79EFBC}") = "Run to the Future.Plugins", "Run to the Future.Plugins.csproj", "{80CB0ECB-3007-075B-396B-36EE5DA4DB42}"
EndProject
Project("{FAE04EC0-301F-11D3-BF4B-00C04F79EFBC}") = "Run to the Future.Editor.Plugins", "Run to the Future.Editor.Plugins.csproj", "{A36080E2-4707-0008-8A52-CA34888E8F22}"
EndProject
Global
	GlobalSection(SolutionConfigurationPlatforms) = preSolution
		Debug|Any CPU = Debug|Any CPU
		Release|Any CPU = Release|Any CPU
	EndGlobalSection
	GlobalSection(ProjectConfigurationPlatforms) = postSolution
		{7E273353-FC0E-C00D-C65C-51E27E9D7341}.Debug|Any CPU.ActiveCfg = Debug|Any CPU
		{7E273353-FC0E-C00D-C65C-51E27E9D7341}.Debug|Any CPU.Build.0 = Debug|Any CPU
		{7E273353-FC0E-C00D-C65C-51E27E9D7341}.Release|Any CPU.ActiveCfg = Release|Any CPU
		{7E273353-FC0E-C00D-C65C-51E27E9D7341}.Release|Any CPU.Build.0 = Release|Any CPU
		{80CB0ECB-3007-075B-396B-36EE5DA4DB42}.Debug|Any CPU.ActiveCfg = Debug|Any CPU
		{80CB0ECB-3007-075B-396B-36EE5DA4DB42}.Debug|Any CPU.Build.0 = Debug|Any CPU
		{80CB0ECB-3007-075B-396B-36EE5DA4DB42}.Release|Any CPU.ActiveCfg = Release|Any CPU
		{80CB0ECB-3007-075B-396B-36EE5DA4DB42}.Release|Any CPU.Build.0 = Release|Any CPU
		{A36080E2-4707-0008-8A52-CA34888E8F22}.Debug|Any CPU.ActiveCfg = Debug|Any CPU
		{A36080E2-4707-0008-8A52-CA34888E8F22}.Debug|Any CPU.Build.0 = Debug|Any CPU
		{A36080E2-4707-0008-8A52-CA34888E8F22}.Release|Any CPU.ActiveCfg = Release|Any CPU
		{A36080E2-4707-0008-8A52-CA34888E8F22}.Release|Any CPU.Build.0 = Release|Any CPU
	EndGlobalSection
	GlobalSection(SolutionProperties) = preSolution
		HideSolutionNode = FALSE
	EndGlobalSection
EndGlobal
