
Microsoft Visual Studio Solution File, Format Version 12.00
# Visual Studio 2017
Project("{FAE04EC0-301F-11D3-BF4B-00C04F79EFBC}") = "VR Run to the Future", "VR Run to the Future.csproj", "{8C229CF7-B034-1D5F-5343-B2139FAE1C34}"
EndProject
Project("{FAE04EC0-301F-11D3-BF4B-00C04F79EFBC}") = "VR Run to the Future.Plugins", "VR Run to the Future.Plugins.csproj", "{4F86E22F-7E30-A3C1-C446-C1E58E57E061}"
EndProject
Project("{FAE04EC0-301F-11D3-BF4B-00C04F79EFBC}") = "VR Run to the Future.Editor.Plugins", "VR Run to the Future.Editor.Plugins.csproj", "{50C0596C-72AD-7930-5C57-B003BADA5EEE}"
EndProject
Project("{FAE04EC0-301F-11D3-BF4B-00C04F79EFBC}") = "VR Run to the Future.Editor", "VR Run to the Future.Editor.csproj", "{AD2B2DB4-6D81-4E86-B386-06CA92E89DEE}"
EndProject
Global
	GlobalSection(SolutionConfigurationPlatforms) = preSolution
		Debug|Any CPU = Debug|Any CPU
		Release|Any CPU = Release|Any CPU
	EndGlobalSection
	GlobalSection(ProjectConfigurationPlatforms) = postSolution
		{8C229CF7-B034-1D5F-5343-B2139FAE1C34}.Debug|Any CPU.ActiveCfg = Debug|Any CPU
		{8C229CF7-B034-1D5F-5343-B2139FAE1C34}.Debug|Any CPU.Build.0 = Debug|Any CPU
		{8C229CF7-B034-1D5F-5343-B2139FAE1C34}.Release|Any CPU.ActiveCfg = Release|Any CPU
		{8C229CF7-B034-1D5F-5343-B2139FAE1C34}.Release|Any CPU.Build.0 = Release|Any CPU
		{4F86E22F-7E30-A3C1-C446-C1E58E57E061}.Debug|Any CPU.ActiveCfg = Debug|Any CPU
		{4F86E22F-7E30-A3C1-C446-C1E58E57E061}.Debug|Any CPU.Build.0 = Debug|Any CPU
		{4F86E22F-7E30-A3C1-C446-C1E58E57E061}.Release|Any CPU.ActiveCfg = Release|Any CPU
		{4F86E22F-7E30-A3C1-C446-C1E58E57E061}.Release|Any CPU.Build.0 = Release|Any CPU
		{50C0596C-72AD-7930-5C57-B003BADA5EEE}.Debug|Any CPU.ActiveCfg = Debug|Any CPU
		{50C0596C-72AD-7930-5C57-B003BADA5EEE}.Debug|Any CPU.Build.0 = Debug|Any CPU
		{50C0596C-72AD-7930-5C57-B003BADA5EEE}.Release|Any CPU.ActiveCfg = Release|Any CPU
		{50C0596C-72AD-7930-5C57-B003BADA5EEE}.Release|Any CPU.Build.0 = Release|Any CPU
		{AD2B2DB4-6D81-4E86-B386-06CA92E89DEE}.Debug|Any CPU.ActiveCfg = Debug|Any CPU
		{AD2B2DB4-6D81-4E86-B386-06CA92E89DEE}.Debug|Any CPU.Build.0 = Debug|Any CPU
		{AD2B2DB4-6D81-4E86-B386-06CA92E89DEE}.Release|Any CPU.ActiveCfg = Release|Any CPU
		{AD2B2DB4-6D81-4E86-B386-06CA92E89DEE}.Release|Any CPU.Build.0 = Release|Any CPU
	EndGlobalSection
	GlobalSection(SolutionProperties) = preSolution
		HideSolutionNode = FALSE
	EndGlobalSection
EndGlobal
